
Microsoft Visual Studio Solution File, Format Version 12.00
# Visual Studio Version 17
VisualStudioVersion = 17.6.33723.286
MinimumVisualStudioVersion = 10.0.40219.1
Project("{FAE04EC0-301F-11D3-BF4B-00C04F79EFBC}") = "Test_Wa", "Test_Wa\Test_Wa.csproj", "{572D1AF7-DC34-4AC5-A673-B6A103C75685}"
EndProject
Project("{FAE04EC0-301F-11D3-BF4B-00C04F79EFBC}") = "Test", "Test\Test.csproj", "{96FCF262-0B39-4347-91C0-CEA7279CADC5}"
EndProject
Global
	GlobalSection(SolutionConfigurationPlatforms) = preSolution
		Debug|Any CPU = Debug|Any CPU
		Release|Any CPU = Release|Any CPU
	EndGlobalSection
	GlobalSection(ProjectConfigurationPlatforms) = postSolution
		{572D1AF7-DC34-4AC5-A673-B6A103C75685}.Debug|Any CPU.ActiveCfg = Debug|Any CPU
		{572D1AF7-DC34-4AC5-A673-B6A103C75685}.Debug|Any CPU.Build.0 = Debug|Any CPU
		{572D1AF7-DC34-4AC5-A673-B6A103C75685}.Release|Any CPU.ActiveCfg = Release|Any CPU
		{572D1AF7-DC34-4AC5-A673-B6A103C75685}.Release|Any CPU.Build.0 = Release|Any CPU
		{96FCF262-0B39-4347-91C0-CEA7279CADC5}.Debug|Any CPU.ActiveCfg = Debug|Any CPU
		{96FCF262-0B39-4347-91C0-CEA7279CADC5}.Debug|Any CPU.Build.0 = Debug|Any CPU
		{96FCF262-0B39-4347-91C0-CEA7279CADC5}.Release|Any CPU.ActiveCfg = Release|Any CPU
		{96FCF262-0B39-4347-91C0-CEA7279CADC5}.Release|Any CPU.Build.0 = Release|Any CPU
	EndGlobalSection
	GlobalSection(SolutionProperties) = preSolution
		HideSolutionNode = FALSE
	EndGlobalSection
	GlobalSection(ExtensibilityGlobals) = postSolution
		SolutionGuid = {EA2CF011-F694-463E-874F-26776CE6F97E}
	EndGlobalSection
EndGlobal
